{
  "name": "hexo-renderer-markdown",
  "version": "1.3.0",
  "lockfileVersion": 1,
  "requires": true,
  "dependencies": {
    "argparse": {
      "version": "2.0.1",
      "resolved": "https://registry.npmjs.org/argparse/-/argparse-2.0.1.tgz",
      "integrity": "sha512-8+9WqebbFzpX9OR+Wa6O29asIogeRMzcGtAINdpMHHyAg10f05aSFVBbcEqGf/PXw1EjAZ+q2/bEBg3DvurK3Q=="
    },
    "entities": {
      "version": "2.1.0",
      "resolved": "https://registry.npmjs.org/entities/-/entities-2.1.0.tgz",
      "integrity": "sha512-hCx1oky9PFrJ611mf0ifBLBRW8lUUVRlFolb5gWRfIELabBlbp9xZvrqZLZAs+NxFnbfQoeGd8wDkygjg7U85w=="
    },
    "katex": {
      "version": "0.6.0",
      "resolved": "http://registry.npm.taobao.org/katex/download/katex-0.6.0.tgz",
      "integrity": "sha1-EkGOCRIcBckgQbazuftrqyE8tvM=",
      "requires": {
        "match-at": "^0.1.0"
      }
    },
    "linkify-it": {
      "version": "3.0.3",
      "resolved": "https://registry.npmjs.org/linkify-it/-/linkify-it-3.0.3.tgz",
      "integrity": "sha512-ynTsyrFSdE5oZ/O9GEf00kPngmOfVwazR5GKDq6EYfhlpFug3J2zybX56a2PRRpc9P+FuSoGNAwjlbDs9jJBPQ==",
      "requires": {
        "uc.micro": "^1.0.1"
      }
    },
    "lodash.keys": {
      "version": "4.2.0",
      "resolved": "https://registry.npm.taobao.org/lodash.keys/download/lodash.keys-4.2.0.tgz",
      "integrity": "sha1-oIYCrBLk+4P5H8H7ejYKTZujUgU="
    },
    "lodash.merge": {
      "version": "4.6.2",
      "resolved": "https://registry.npm.taobao.org/lodash.merge/download/lodash.merge-4.6.2.tgz",
      "integrity": "sha1-VYqlO0O2YeGSWgr9+japoQhf5Xo="
    },
    "lodash.union": {
      "version": "4.6.0",
      "resolved": "https://registry.npm.taobao.org/lodash.union/download/lodash.union-4.6.0.tgz",
      "integrity": "sha1-SLtQiECfFvGCFmZkHETdGqrjzYg="
    },
    "markdown-it": {
      "version": "12.3.2",
      "resolved": "https://registry.npmjs.org/markdown-it/-/markdown-it-12.3.2.tgz",
      "integrity": "sha512-TchMembfxfNVpHkbtriWltGWc+m3xszaRD0CZup7GFFhzIgQqxIfn3eGj1yZpfuflzPvfkt611B2Q/Bsk1YnGg==",
      "requires": {
        "argparse": "^2.0.1",
        "entities": "~2.1.0",
        "linkify-it": "^3.0.1",
        "mdurl": "^1.0.1",
        "uc.micro": "^1.0.5"
      }
    },
    "markdown-it-abbr": {
      "version": "1.0.4",
      "resolved": "http://registry.npm.taobao.org/markdown-it-abbr/download/markdown-it-abbr-1.0.4.tgz",
      "integrity": "sha1-1mtTZFIcuz3Yqlna37ovtoZcj9g="
    },
    "markdown-it-anchor": {
      "version": "5.3.0",
      "resolved": "https://registry.npm.taobao.org/markdown-it-anchor/download/markdown-it-anchor-5.3.0.tgz",
      "integrity": "sha1-1Ums1khWqOzRvqWDZe84Xv+6x0Q="
    },
    "markdown-it-attrs": {
      "version": "3.0.3",
      "resolved": "https://registry.npm.taobao.org/markdown-it-attrs/download/markdown-it-attrs-3.0.3.tgz",
      "integrity": "sha1-kqzbFv5VHLBWxeuYSEE0Q8r7UjE="
    },
    "markdown-it-checkbox": {
      "version": "1.1.0",
      "resolved": "http://registry.npm.taobao.org/markdown-it-checkbox/download/markdown-it-checkbox-1.1.0.tgz",
      "integrity": "sha1-IM/5fzPXfRcvnc8bz8ks7MUzD6w=",
      "requires": {
        "underscore": "^1.8.2"
      }
    },
    "markdown-it-deflist": {
      "version": "2.0.3",
      "resolved": "http://registry.npm.taobao.org/markdown-it-deflist/download/markdown-it-deflist-2.0.3.tgz",
      "integrity": "sha1-VyfbBBhNPLK8buSpZB46EJHV/W8="
    },
    "markdown-it-emoji": {
      "version": "1.4.0",
      "resolved": "http://registry.npm.taobao.org/markdown-it-emoji/download/markdown-it-emoji-1.4.0.tgz",
      "integrity": "sha1-m+4OmpkKljupbfaYDE/dsF37Tcw="
    },
    "markdown-it-footnote": {
      "version": "3.0.2",
      "resolved": "https://registry.npm.taobao.org/markdown-it-footnote/download/markdown-it-footnote-3.0.2.tgz",
      "integrity": "sha1-FXXuegk2SNTglqozOGsFjZKsi8E="
    },
    "markdown-it-ins": {
      "version": "3.0.0",
      "resolved": "https://registry.npm.taobao.org/markdown-it-ins/download/markdown-it-ins-3.0.0.tgz",
      "integrity": "sha1-sbVoJMeNxm5SsPyXUxsxfNeNedI="
    },
    "markdown-it-katex": {
      "version": "2.0.3",
      "resolved": "http://registry.npm.taobao.org/markdown-it-katex/download/markdown-it-katex-2.0.3.tgz",
      "integrity": "sha1-17hqGuoLnWSW+rTnkZoY/e9YnDk=",
      "requires": {
        "katex": "^0.6.0"
      }
    },
    "markdown-it-mark": {
      "version": "3.0.0",
      "resolved": "https://registry.npm.taobao.org/markdown-it-mark/download/markdown-it-mark-3.0.0.tgz",
      "integrity": "sha1-J8PjnvPMMQst3lN1CCyfqRKYPNo="
    },
    "markdown-it-sub": {
      "version": "1.0.0",
      "resolved": "http://registry.npm.taobao.org/markdown-it-sub/download/markdown-it-sub-1.0.0.tgz",
      "integrity": "sha1-N1/WAm6ufdywEkl/ZBEZXqHjr+g="
    },
    "markdown-it-sup": {
      "version": "1.0.0",
      "resolved": "http://registry.npm.taobao.org/markdown-it-sup/download/markdown-it-sup-1.0.0.tgz",
      "integrity": "sha1-y5yf+RpSVawI8/09YyhuFd8KH8M="
    },
    "match-at": {
      "version": "0.1.1",
      "resolved": "http://registry.npm.taobao.org/match-at/download/match-at-0.1.1.tgz",
      "integrity": "sha1-JdBA0pF3dwTV5lVru3kjDsLeBUA="
    },
    "mdurl": {
      "version": "1.0.1",
      "resolved": "https://registry.npmjs.org/mdurl/-/mdurl-1.0.1.tgz",
      "integrity": "sha1-/oWy7HWlkDfyrf7BAP1sYBdhFS4="
    },
    "uc.micro": {
      "version": "1.0.6",
      "resolved": "https://registry.npmjs.org/uc.micro/-/uc.micro-1.0.6.tgz",
      "integrity": "sha512-8Y75pvTYkLJW2hWQHXxoqRgV7qb9B+9vFEtidML+7koHUFapnVJAZ6cKs+Qjz5Aw3aZWHMC6u0wJE3At+nSGwA=="
    },
    "underscore": {
      "version": "1.8.3",
      "resolved": "http://registry.npm.taobao.org/underscore/download/underscore-1.8.3.tgz",
      "integrity": "sha1-Tz+1OxBuYJf8+ctBCfKl6b36UCI="
    }
  }
}
